
Microsoft Visual Studio Solution File, Format Version 12.00
# Visual Studio Version 17
VisualStudioVersion = 17.4.33103.184
MinimumVisualStudioVersion = 10.0.40219.1
Project("{FAE04EC0-301F-11D3-BF4B-00C04F79EFBC}") = "calculadoraIMC", "calculadoraIMC\calculadoraIMC.csproj", "{ECDFF34A-F03E-4DB3-AA7D-BEB86F91DD4B}"
EndProject
Global
	GlobalSection(SolutionConfigurationPlatforms) = preSolution
		Debug|Any CPU = Debug|Any CPU
		Release|Any CPU = Release|Any CPU
	EndGlobalSection
	GlobalSection(ProjectConfigurationPlatforms) = postSolution
		{ECDFF34A-F03E-4DB3-AA7D-BEB86F91DD4B}.Debug|Any CPU.ActiveCfg = Debug|Any CPU
		{ECDFF34A-F03E-4DB3-AA7D-BEB86F91DD4B}.Debug|Any CPU.Build.0 = Debug|Any CPU
		{ECDFF34A-F03E-4DB3-AA7D-BEB86F91DD4B}.Release|Any CPU.ActiveCfg = Release|Any CPU
		{ECDFF34A-F03E-4DB3-AA7D-BEB86F91DD4B}.Release|Any CPU.Build.0 = Release|Any CPU
	EndGlobalSection
	GlobalSection(SolutionProperties) = preSolution
		HideSolutionNode = FALSE
	EndGlobalSection
	GlobalSection(ExtensibilityGlobals) = postSolution
		SolutionGuid = {950696DB-4E3C-4413-8B0D-84FECA85DD61}
	EndGlobalSection
EndGlobal
